
Microsoft Visual Studio Solution File, Format Version 12.00
# Visual Studio Version 16
VisualStudioVersion = 16.0.32929.386
MinimumVisualStudioVersion = 10.0.40219.1
Project("{2150E333-8FDC-42A3-9474-1A3956D46DE8}") = "Services", "Services", "{AB360E5C-E1DF-4E0E-BFD5-424FD153F074}"
EndProject
Project("{2150E333-8FDC-42A3-9474-1A3956D46DE8}") = "Catalog", "Catalog", "{3B6A2FC5-8388-4C42-BADB-8FB19478BDF6}"
EndProject
Project("{9A19103F-16F7-4668-BE54-9A1E7A4F7556}") = "Catalog.API", "Servicers\Catalog\Catalog.API\Catalog.API.csproj", "{32843BAC-0033-410E-84DE-1728AC842D21}"
EndProject
Project("{E53339B2-1760-4266-BCC7-CA923CBCF16C}") = "docker-compose", "docker-compose.dcproj", "{C255C638-3924-4F2E-804E-ABA872A094F2}"
EndProject
Project("{2150E333-8FDC-42A3-9474-1A3956D46DE8}") = "Basket", "Basket", "{E8CD7FC1-AE32-4840-B4DA-92F67D66E7A8}"
EndProject
Project("{FAE04EC0-301F-11D3-BF4B-00C04F79EFBC}") = "Basket.API", "Basket\Basket.API\Basket.API.csproj", "{EEDA6BA7-820D-4D3E-80A3-AB1D4E65A3F7}"
EndProject
Global
	GlobalSection(SolutionConfigurationPlatforms) = preSolution
		Debug|Any CPU = Debug|Any CPU
		Release|Any CPU = Release|Any CPU
	EndGlobalSection
	GlobalSection(ProjectConfigurationPlatforms) = postSolution
		{32843BAC-0033-410E-84DE-1728AC842D21}.Debug|Any CPU.ActiveCfg = Debug|Any CPU
		{32843BAC-0033-410E-84DE-1728AC842D21}.Debug|Any CPU.Build.0 = Debug|Any CPU
		{32843BAC-0033-410E-84DE-1728AC842D21}.Release|Any CPU.ActiveCfg = Release|Any CPU
		{32843BAC-0033-410E-84DE-1728AC842D21}.Release|Any CPU.Build.0 = Release|Any CPU
		{C255C638-3924-4F2E-804E-ABA872A094F2}.Debug|Any CPU.ActiveCfg = Debug|Any CPU
		{C255C638-3924-4F2E-804E-ABA872A094F2}.Debug|Any CPU.Build.0 = Debug|Any CPU
		{C255C638-3924-4F2E-804E-ABA872A094F2}.Release|Any CPU.ActiveCfg = Release|Any CPU
		{C255C638-3924-4F2E-804E-ABA872A094F2}.Release|Any CPU.Build.0 = Release|Any CPU
		{EEDA6BA7-820D-4D3E-80A3-AB1D4E65A3F7}.Debug|Any CPU.ActiveCfg = Debug|Any CPU
		{EEDA6BA7-820D-4D3E-80A3-AB1D4E65A3F7}.Debug|Any CPU.Build.0 = Debug|Any CPU
		{EEDA6BA7-820D-4D3E-80A3-AB1D4E65A3F7}.Release|Any CPU.ActiveCfg = Release|Any CPU
		{EEDA6BA7-820D-4D3E-80A3-AB1D4E65A3F7}.Release|Any CPU.Build.0 = Release|Any CPU
	EndGlobalSection
	GlobalSection(SolutionProperties) = preSolution
		HideSolutionNode = FALSE
	EndGlobalSection
	GlobalSection(NestedProjects) = preSolution
		{3B6A2FC5-8388-4C42-BADB-8FB19478BDF6} = {AB360E5C-E1DF-4E0E-BFD5-424FD153F074}
		{32843BAC-0033-410E-84DE-1728AC842D21} = {3B6A2FC5-8388-4C42-BADB-8FB19478BDF6}
		{E8CD7FC1-AE32-4840-B4DA-92F67D66E7A8} = {AB360E5C-E1DF-4E0E-BFD5-424FD153F074}
		{EEDA6BA7-820D-4D3E-80A3-AB1D4E65A3F7} = {E8CD7FC1-AE32-4840-B4DA-92F67D66E7A8}
	EndGlobalSection
	GlobalSection(ExtensibilityGlobals) = postSolution
		SolutionGuid = {83581791-94A0-4A8D-9C49-9FE83B884D1C}
	EndGlobalSection
EndGlobal
